// !$*UTF8*$!
{
	archiveVersion = 1;
	classes = {
	};
	objectVersion = 55;
	objects = {

/* Begin PBXBuildFile section */
		B209732DEF630F405D10B387 /* Pods_vkApp.framework in Frameworks */ = {isa = PBXBuildFile; fileRef = E81D2EDC2AD305783EF7F105 /* Pods_vkApp.framework */; };
		D3045D3B282429BB005F41FF /* FriendsRequests.swift in Sources */ = {isa = PBXBuildFile; fileRef = D3045D3A282429BB005F41FF /* FriendsRequests.swift */; };
		D33BDBFD27BFBDEB00398A63 /* FriendsViewController.swift in Sources */ = {isa = PBXBuildFile; fileRef = D33BDBFC27BFBDEB00398A63 /* FriendsViewController.swift */; };
		D33BDBFF27BFBF2000398A63 /* FriendsCell.swift in Sources */ = {isa = PBXBuildFile; fileRef = D33BDBFE27BFBF2000398A63 /* FriendsCell.swift */; };
		D346CA01282C11C700142368 /* GroupModel.swift in Sources */ = {isa = PBXBuildFile; fileRef = D346CA00282C11C700142368 /* GroupModel.swift */; };
		D346CA08282C2FA300142368 /* GroupsViewController.swift in Sources */ = {isa = PBXBuildFile; fileRef = D346CA07282C2FA300142368 /* GroupsViewController.swift */; };
		D346CA0A282C3A9B00142368 /* GroupsCell.swift in Sources */ = {isa = PBXBuildFile; fileRef = D346CA09282C3A9B00142368 /* GroupsCell.swift */; };
		D346CA13282CD37C00142368 /* GroupRequests.swift in Sources */ = {isa = PBXBuildFile; fileRef = D346CA12282CD37C00142368 /* GroupRequests.swift */; };
		D346CA15282D5E7100142368 /* GroupPhotoView.swift in Sources */ = {isa = PBXBuildFile; fileRef = D346CA14282D5E7100142368 /* GroupPhotoView.swift */; };
		D3804D07282FF2360057F87B /* ShowPhotoViewController.swift in Sources */ = {isa = PBXBuildFile; fileRef = D3804D06282FF2360057F87B /* ShowPhotoViewController.swift */; };
		D3804D0A282FF37F0057F87B /* PhotoCollectionViewCell.swift in Sources */ = {isa = PBXBuildFile; fileRef = D3804D08282FF37F0057F87B /* PhotoCollectionViewCell.swift */; };
		D3804D0B282FF37F0057F87B /* PhotoCollectionViewCell.xib in Resources */ = {isa = PBXBuildFile; fileRef = D3804D09282FF37F0057F87B /* PhotoCollectionViewCell.xib */; };
		D3804D0E283029010057F87B /* GoogleService-Info.plist in Resources */ = {isa = PBXBuildFile; fileRef = D3804D0D283029010057F87B /* GoogleService-Info.plist */; };
		D381203127B595DF00986187 /* AppDelegate.swift in Sources */ = {isa = PBXBuildFile; fileRef = D381203027B595DF00986187 /* AppDelegate.swift */; };
		D381203327B595DF00986187 /* SceneDelegate.swift in Sources */ = {isa = PBXBuildFile; fileRef = D381203227B595DF00986187 /* SceneDelegate.swift */; };
		D381203827B595DF00986187 /* Main.storyboard in Resources */ = {isa = PBXBuildFile; fileRef = D381203627B595DF00986187 /* Main.storyboard */; };
		D381203A27B595E100986187 /* Assets.xcassets in Resources */ = {isa = PBXBuildFile; fileRef = D381203927B595E100986187 /* Assets.xcassets */; };
		D381203D27B595E100986187 /* LaunchScreen.storyboard in Resources */ = {isa = PBXBuildFile; fileRef = D381203B27B595E100986187 /* LaunchScreen.storyboard */; };
		D38881CF27CE924800C7BE5B /* ProfileViewController.swift in Sources */ = {isa = PBXBuildFile; fileRef = D38881CE27CE924800C7BE5B /* ProfileViewController.swift */; };
		D38881D427CEB7AF00C7BE5B /* ProfilePhotosViewCell.swift in Sources */ = {isa = PBXBuildFile; fileRef = D38881D227CEB7AF00C7BE5B /* ProfilePhotosViewCell.swift */; };
		D38881D527CEB7AF00C7BE5B /* ProfilePhotosViewCell.xib in Resources */ = {isa = PBXBuildFile; fileRef = D38881D327CEB7AF00C7BE5B /* ProfilePhotosViewCell.xib */; };
		D3AA9E4D282E210900CA02C9 /* AllGroupsViewController.swift in Sources */ = {isa = PBXBuildFile; fileRef = D3AA9E4C282E210900CA02C9 /* AllGroupsViewController.swift */; };
		D3ACC505280691BF00059240 /* Singleton.swift in Sources */ = {isa = PBXBuildFile; fileRef = D3ACC504280691BF00059240 /* Singleton.swift */; };
		D3ACC508280692DD00059240 /* AuthViewController.swift in Sources */ = {isa = PBXBuildFile; fileRef = D3ACC507280692DD00059240 /* AuthViewController.swift */; };
		D3ACC50E280B00B100059240 /* FriendModel.swift in Sources */ = {isa = PBXBuildFile; fileRef = D3ACC50D280B00B100059240 /* FriendModel.swift */; };
		D3ACC510280B00E500059240 /* UserPhotos.swift in Sources */ = {isa = PBXBuildFile; fileRef = D3ACC50F280B00E500059240 /* UserPhotos.swift */; };
		D3C4B4CA2831573700AEBBC3 /* NewsViewController.swift in Sources */ = {isa = PBXBuildFile; fileRef = D3C4B4C92831573700AEBBC3 /* NewsViewController.swift */; };
		D3C4B4CE2831581300AEBBC3 /* OwnerNewsCell.swift in Sources */ = {isa = PBXBuildFile; fileRef = D3C4B4CC2831581300AEBBC3 /* OwnerNewsCell.swift */; };
		D3C4B4CF2831581300AEBBC3 /* OwnerNewsCell.xib in Resources */ = {isa = PBXBuildFile; fileRef = D3C4B4CD2831581300AEBBC3 /* OwnerNewsCell.xib */; };
		D3C4B4D32831587000AEBBC3 /* TextInNewsCell.swift in Sources */ = {isa = PBXBuildFile; fileRef = D3C4B4D12831587000AEBBC3 /* TextInNewsCell.swift */; };
		D3C4B4D42831587000AEBBC3 /* TextInNewsCell.xib in Resources */ = {isa = PBXBuildFile; fileRef = D3C4B4D22831587000AEBBC3 /* TextInNewsCell.xib */; };
		D3C4B4D7283158B500AEBBC3 /* PhotosInNewsCell.swift in Sources */ = {isa = PBXBuildFile; fileRef = D3C4B4D5283158B500AEBBC3 /* PhotosInNewsCell.swift */; };
		D3C4B4D8283158B500AEBBC3 /* PhotosInNewsCell.xib in Resources */ = {isa = PBXBuildFile; fileRef = D3C4B4D6283158B500AEBBC3 /* PhotosInNewsCell.xib */; };
		D3C4B4DB2831594000AEBBC3 /* BottomOfNewsCell.swift in Sources */ = {isa = PBXBuildFile; fileRef = D3C4B4D92831594000AEBBC3 /* BottomOfNewsCell.swift */; };
		D3C4B4DC2831594000AEBBC3 /* BottomOfNewsCell.xib in Resources */ = {isa = PBXBuildFile; fileRef = D3C4B4DA2831594000AEBBC3 /* BottomOfNewsCell.xib */; };
		D3D7C13A282ED72F00A933DC /* RealmCacheService.swift in Sources */ = {isa = PBXBuildFile; fileRef = D3D7C139282ED72F00A933DC /* RealmCacheService.swift */; };
		D3E835D227CA6F6800C37C67 /* AvatarUIView.swift in Sources */ = {isa = PBXBuildFile; fileRef = D3E835D127CA6F6800C37C67 /* AvatarUIView.swift */; };
/* End PBXBuildFile section */

/* Begin PBXFileReference section */
		1109C46CCBA13C32019A8B22 /* Pods-vkApp.release.xcconfig */ = {isa = PBXFileReference; includeInIndex = 1; lastKnownFileType = text.xcconfig; name = "Pods-vkApp.release.xcconfig"; path = "Target Support Files/Pods-vkApp/Pods-vkApp.release.xcconfig"; sourceTree = "<group>"; };
		D3045D3A282429BB005F41FF /* FriendsRequests.swift */ = {isa = PBXFileReference; lastKnownFileType = sourcecode.swift; path = FriendsRequests.swift; sourceTree = "<group>"; };
		D33BDBFC27BFBDEB00398A63 /* FriendsViewController.swift */ = {isa = PBXFileReference; lastKnownFileType = sourcecode.swift; path = FriendsViewController.swift; sourceTree = "<group>"; };
		D33BDBFE27BFBF2000398A63 /* FriendsCell.swift */ = {isa = PBXFileReference; lastKnownFileType = sourcecode.swift; path = FriendsCell.swift; sourceTree = "<group>"; };
		D346CA00282C11C700142368 /* GroupModel.swift */ = {isa = PBXFileReference; lastKnownFileType = sourcecode.swift; path = GroupModel.swift; sourceTree = "<group>"; };
		D346CA07282C2FA300142368 /* GroupsViewController.swift */ = {isa = PBXFileReference; lastKnownFileType = sourcecode.swift; path = GroupsViewController.swift; sourceTree = "<group>"; };
		D346CA09282C3A9B00142368 /* GroupsCell.swift */ = {isa = PBXFileReference; lastKnownFileType = sourcecode.swift; path = GroupsCell.swift; sourceTree = "<group>"; };
		D346CA12282CD37C00142368 /* GroupRequests.swift */ = {isa = PBXFileReference; lastKnownFileType = sourcecode.swift; path = GroupRequests.swift; sourceTree = "<group>"; };
		D346CA14282D5E7100142368 /* GroupPhotoView.swift */ = {isa = PBXFileReference; lastKnownFileType = sourcecode.swift; path = GroupPhotoView.swift; sourceTree = "<group>"; };
		D3804D06282FF2360057F87B /* ShowPhotoViewController.swift */ = {isa = PBXFileReference; lastKnownFileType = sourcecode.swift; path = ShowPhotoViewController.swift; sourceTree = "<group>"; };
		D3804D08282FF37F0057F87B /* PhotoCollectionViewCell.swift */ = {isa = PBXFileReference; lastKnownFileType = sourcecode.swift; path = PhotoCollectionViewCell.swift; sourceTree = "<group>"; };
		D3804D09282FF37F0057F87B /* PhotoCollectionViewCell.xib */ = {isa = PBXFileReference; lastKnownFileType = file.xib; path = PhotoCollectionViewCell.xib; sourceTree = "<group>"; };
		D3804D0D283029010057F87B /* GoogleService-Info.plist */ = {isa = PBXFileReference; fileEncoding = 4; lastKnownFileType = text.plist.xml; name = "GoogleService-Info.plist"; path = "../../../Downloads/GoogleService-Info.plist"; sourceTree = "<group>"; };
		D381202D27B595DF00986187 /* vkApp.app */ = {isa = PBXFileReference; explicitFileType = wrapper.application; includeInIndex = 0; path = vkApp.app; sourceTree = BUILT_PRODUCTS_DIR; };
		D381203027B595DF00986187 /* AppDelegate.swift */ = {isa = PBXFileReference; lastKnownFileType = sourcecode.swift; path = AppDelegate.swift; sourceTree = "<group>"; };
		D381203227B595DF00986187 /* SceneDelegate.swift */ = {isa = PBXFileReference; lastKnownFileType = sourcecode.swift; path = SceneDelegate.swift; sourceTree = "<group>"; };
		D381203727B595DF00986187 /* Base */ = {isa = PBXFileReference; lastKnownFileType = file.storyboard; name = Base; path = Base.lproj/Main.storyboard; sourceTree = "<group>"; };
		D381203927B595E100986187 /* Assets.xcassets */ = {isa = PBXFileReference; lastKnownFileType = folder.assetcatalog; path = Assets.xcassets; sourceTree = "<group>"; };
		D381203C27B595E100986187 /* Base */ = {isa = PBXFileReference; lastKnownFileType = file.storyboard; name = Base; path = Base.lproj/LaunchScreen.storyboard; sourceTree = "<group>"; };
		D381203E27B595E100986187 /* Info.plist */ = {isa = PBXFileReference; lastKnownFileType = text.plist.xml; path = Info.plist; sourceTree = "<group>"; };
		D38881CE27CE924800C7BE5B /* ProfileViewController.swift */ = {isa = PBXFileReference; lastKnownFileType = sourcecode.swift; path = ProfileViewController.swift; sourceTree = "<group>"; };
		D38881D227CEB7AF00C7BE5B /* ProfilePhotosViewCell.swift */ = {isa = PBXFileReference; lastKnownFileType = sourcecode.swift; path = ProfilePhotosViewCell.swift; sourceTree = "<group>"; };
		D38881D327CEB7AF00C7BE5B /* ProfilePhotosViewCell.xib */ = {isa = PBXFileReference; lastKnownFileType = file.xib; path = ProfilePhotosViewCell.xib; sourceTree = "<group>"; };
		D3AA9E4C282E210900CA02C9 /* AllGroupsViewController.swift */ = {isa = PBXFileReference; lastKnownFileType = sourcecode.swift; path = AllGroupsViewController.swift; sourceTree = "<group>"; };
		D3ACC504280691BF00059240 /* Singleton.swift */ = {isa = PBXFileReference; lastKnownFileType = sourcecode.swift; path = Singleton.swift; sourceTree = "<group>"; };
		D3ACC507280692DD00059240 /* AuthViewController.swift */ = {isa = PBXFileReference; lastKnownFileType = sourcecode.swift; path = AuthViewController.swift; sourceTree = "<group>"; };
		D3ACC50D280B00B100059240 /* FriendModel.swift */ = {isa = PBXFileReference; lastKnownFileType = sourcecode.swift; path = FriendModel.swift; sourceTree = "<group>"; };
		D3ACC50F280B00E500059240 /* UserPhotos.swift */ = {isa = PBXFileReference; lastKnownFileType = sourcecode.swift; path = UserPhotos.swift; sourceTree = "<group>"; };
		D3B3148327F6C31100B46851 /* ru */ = {isa = PBXFileReference; lastKnownFileType = text.plist.strings; name = ru; path = ru.lproj/Main.strings; sourceTree = "<group>"; };
		D3B3148427F6C31100B46851 /* ru */ = {isa = PBXFileReference; lastKnownFileType = text.plist.strings; name = ru; path = ru.lproj/LaunchScreen.strings; sourceTree = "<group>"; };
		D3C4B4C92831573700AEBBC3 /* NewsViewController.swift */ = {isa = PBXFileReference; lastKnownFileType = sourcecode.swift; path = NewsViewController.swift; sourceTree = "<group>"; };
		D3C4B4CC2831581300AEBBC3 /* OwnerNewsCell.swift */ = {isa = PBXFileReference; lastKnownFileType = sourcecode.swift; path = OwnerNewsCell.swift; sourceTree = "<group>"; };
		D3C4B4CD2831581300AEBBC3 /* OwnerNewsCell.xib */ = {isa = PBXFileReference; lastKnownFileType = file.xib; path = OwnerNewsCell.xib; sourceTree = "<group>"; };
		D3C4B4D12831587000AEBBC3 /* TextInNewsCell.swift */ = {isa = PBXFileReference; lastKnownFileType = sourcecode.swift; path = TextInNewsCell.swift; sourceTree = "<group>"; };
		D3C4B4D22831587000AEBBC3 /* TextInNewsCell.xib */ = {isa = PBXFileReference; lastKnownFileType = file.xib; path = TextInNewsCell.xib; sourceTree = "<group>"; };
		D3C4B4D5283158B500AEBBC3 /* PhotosInNewsCell.swift */ = {isa = PBXFileReference; lastKnownFileType = sourcecode.swift; path = PhotosInNewsCell.swift; sourceTree = "<group>"; };
		D3C4B4D6283158B500AEBBC3 /* PhotosInNewsCell.xib */ = {isa = PBXFileReference; lastKnownFileType = file.xib; path = PhotosInNewsCell.xib; sourceTree = "<group>"; };
		D3C4B4D92831594000AEBBC3 /* BottomOfNewsCell.swift */ = {isa = PBXFileReference; lastKnownFileType = sourcecode.swift; path = BottomOfNewsCell.swift; sourceTree = "<group>"; };
		D3C4B4DA2831594000AEBBC3 /* BottomOfNewsCell.xib */ = {isa = PBXFileReference; lastKnownFileType = file.xib; path = BottomOfNewsCell.xib; sourceTree = "<group>"; };
		D3D7C139282ED72F00A933DC /* RealmCacheService.swift */ = {isa = PBXFileReference; lastKnownFileType = sourcecode.swift; path = RealmCacheService.swift; sourceTree = "<group>"; };
		D3E835D127CA6F6800C37C67 /* AvatarUIView.swift */ = {isa = PBXFileReference; lastKnownFileType = sourcecode.swift; path = AvatarUIView.swift; sourceTree = "<group>"; };
		D749ACB0896C5474ED1A04F0 /* Pods-vkApp.debug.xcconfig */ = {isa = PBXFileReference; includeInIndex = 1; lastKnownFileType = text.xcconfig; name = "Pods-vkApp.debug.xcconfig"; path = "Target Support Files/Pods-vkApp/Pods-vkApp.debug.xcconfig"; sourceTree = "<group>"; };
		E81D2EDC2AD305783EF7F105 /* Pods_vkApp.framework */ = {isa = PBXFileReference; explicitFileType = wrapper.framework; includeInIndex = 0; path = Pods_vkApp.framework; sourceTree = BUILT_PRODUCTS_DIR; };
/* End PBXFileReference section */

/* Begin PBXFrameworksBuildPhase section */
		D381202A27B595DF00986187 /* Frameworks */ = {
			isa = PBXFrameworksBuildPhase;
			buildActionMask = 2147483647;
			files = (
				B209732DEF630F405D10B387 /* Pods_vkApp.framework in Frameworks */,
			);
			runOnlyForDeploymentPostprocessing = 0;
		};
/* End PBXFrameworksBuildPhase section */

/* Begin PBXGroup section */
		5555D5D2D61150BC2104AFE0 /* Frameworks */ = {
			isa = PBXGroup;
			children = (
				E81D2EDC2AD305783EF7F105 /* Pods_vkApp.framework */,
			);
			name = Frameworks;
			sourceTree = "<group>";
		};
		D346C9FB282B7E3E00142368 /* TabBarScene */ = {
			isa = PBXGroup;
			children = (
				D346C9FD282B819700142368 /* FriendsScene */,
				D346C9FC282B7ECB00142368 /* GroupScene */,
				D3C4B4C6283156C300AEBBC3 /* NewsScene */,
			);
			path = TabBarScene;
			sourceTree = "<group>";
		};
		D346C9FC282B7ECB00142368 /* GroupScene */ = {
			isa = PBXGroup;
			children = (
				D346CA02282C2ACA00142368 /* Service */,
				D346CA11282CCA6800142368 /* ViewLayer */,
			);
			path = GroupScene;
			sourceTree = "<group>";
		};
		D346C9FD282B819700142368 /* FriendsScene */ = {
			isa = PBXGroup;
			children = (
				D346CA0B282CC7CD00142368 /* Service */,
				D346CA10282CCA5000142368 /* ViewLayer */,
				D3EB0CDE27D32C4B007B143B /* ProfileScene */,
			);
			path = FriendsScene;
			sourceTree = "<group>";
		};
		D346CA02282C2ACA00142368 /* Service */ = {
			isa = PBXGroup;
			children = (
				D346CA12282CD37C00142368 /* GroupRequests.swift */,
				D346CA03282C2AE100142368 /* Model */,
			);
			path = Service;
			sourceTree = "<group>";
		};
		D346CA03282C2AE100142368 /* Model */ = {
			isa = PBXGroup;
			children = (
				D346CA00282C11C700142368 /* GroupModel.swift */,
				D3D7C139282ED72F00A933DC /* RealmCacheService.swift */,
			);
			path = Model;
			sourceTree = "<group>";
		};
		D346CA0B282CC7CD00142368 /* Service */ = {
			isa = PBXGroup;
			children = (
				D3ACC50C280B00A400059240 /* Models */,
				D3045D3A282429BB005F41FF /* FriendsRequests.swift */,
			);
			path = Service;
			sourceTree = "<group>";
		};
		D346CA0C282CC87C00142368 /* FriendsCell */ = {
			isa = PBXGroup;
			children = (
				D33BDBFE27BFBF2000398A63 /* FriendsCell.swift */,
				D3E835D127CA6F6800C37C67 /* AvatarUIView.swift */,
			);
			path = FriendsCell;
			sourceTree = "<group>";
		};
		D346CA0D282CC8A400142368 /* ProfilePhotoCell */ = {
			isa = PBXGroup;
			children = (
				D38881D327CEB7AF00C7BE5B /* ProfilePhotosViewCell.xib */,
				D38881D227CEB7AF00C7BE5B /* ProfilePhotosViewCell.swift */,
			);
			path = ProfilePhotoCell;
			sourceTree = "<group>";
		};
		D346CA0E282CC92500142368 /* ShowPhotosScene */ = {
			isa = PBXGroup;
			children = (
				D3804D0C28300A8B0057F87B /* Cell */,
				D3804D06282FF2360057F87B /* ShowPhotoViewController.swift */,
			);
			path = ShowPhotosScene;
			sourceTree = "<group>";
		};
		D346CA0F282CCA3300142368 /* GroupsCell */ = {
			isa = PBXGroup;
			children = (
				D346CA14282D5E7100142368 /* GroupPhotoView.swift */,
				D346CA09282C3A9B00142368 /* GroupsCell.swift */,
			);
			path = GroupsCell;
			sourceTree = "<group>";
		};
		D346CA10282CCA5000142368 /* ViewLayer */ = {
			isa = PBXGroup;
			children = (
				D33BDBFC27BFBDEB00398A63 /* FriendsViewController.swift */,
				D346CA0C282CC87C00142368 /* FriendsCell */,
			);
			path = ViewLayer;
			sourceTree = "<group>";
		};
		D346CA11282CCA6800142368 /* ViewLayer */ = {
			isa = PBXGroup;
			children = (
				D346CA07282C2FA300142368 /* GroupsViewController.swift */,
				D3AA9E4C282E210900CA02C9 /* AllGroupsViewController.swift */,
				D346CA0F282CCA3300142368 /* GroupsCell */,
			);
			path = ViewLayer;
			sourceTree = "<group>";
		};
		D3804D0C28300A8B0057F87B /* Cell */ = {
			isa = PBXGroup;
			children = (
				D3804D08282FF37F0057F87B /* PhotoCollectionViewCell.swift */,
				D3804D09282FF37F0057F87B /* PhotoCollectionViewCell.xib */,
			);
			path = Cell;
			sourceTree = "<group>";
		};
		D381202427B595DF00986187 = {
			isa = PBXGroup;
			children = (
				D381202F27B595DF00986187 /* vkApp */,
				D381202E27B595DF00986187 /* Products */,
				FCE37BAD7B896B0365F9B874 /* Pods */,
				5555D5D2D61150BC2104AFE0 /* Frameworks */,
			);
			sourceTree = "<group>";
		};
		D381202E27B595DF00986187 /* Products */ = {
			isa = PBXGroup;
			children = (
				D381202D27B595DF00986187 /* vkApp.app */,
			);
			name = Products;
			sourceTree = "<group>";
		};
		D381202F27B595DF00986187 /* vkApp */ = {
			isa = PBXGroup;
			children = (
				D3C4B4C528314FD200AEBBC3 /* Delegate */,
				D3ACC506280692AB00059240 /* Auth */,
				D346C9FB282B7E3E00142368 /* TabBarScene */,
				D381203627B595DF00986187 /* Main.storyboard */,
				D381203927B595E100986187 /* Assets.xcassets */,
				D381203B27B595E100986187 /* LaunchScreen.storyboard */,
				D381203E27B595E100986187 /* Info.plist */,
				D3804D0D283029010057F87B /* GoogleService-Info.plist */,
			);
			path = vkApp;
			sourceTree = "<group>";
		};
		D3ACC506280692AB00059240 /* Auth */ = {
			isa = PBXGroup;
			children = (
				D3ACC507280692DD00059240 /* AuthViewController.swift */,
				D3ACC504280691BF00059240 /* Singleton.swift */,
			);
			path = Auth;
			sourceTree = "<group>";
		};
		D3ACC50C280B00A400059240 /* Models */ = {
			isa = PBXGroup;
			children = (
				D3ACC50D280B00B100059240 /* FriendModel.swift */,
				D3ACC50F280B00E500059240 /* UserPhotos.swift */,
			);
			path = Models;
			sourceTree = "<group>";
		};
		D3C4B4C528314FD200AEBBC3 /* Delegate */ = {
			isa = PBXGroup;
			children = (
				D381203027B595DF00986187 /* AppDelegate.swift */,
				D381203227B595DF00986187 /* SceneDelegate.swift */,
			);
			path = Delegate;
			sourceTree = "<group>";
		};
		D3C4B4C6283156C300AEBBC3 /* NewsScene */ = {
			isa = PBXGroup;
			children = (
				D3C4B4C8283156EB00AEBBC3 /* ViewLayer */,
				D3C4B4C7283156CE00AEBBC3 /* Service */,
			);
			path = NewsScene;
			sourceTree = "<group>";
		};
		D3C4B4C7283156CE00AEBBC3 /* Service */ = {
			isa = PBXGroup;
			children = (
			);
			path = Service;
			sourceTree = "<group>";
		};
		D3C4B4C8283156EB00AEBBC3 /* ViewLayer */ = {
			isa = PBXGroup;
			children = (
				D3C4B4C92831573700AEBBC3 /* NewsViewController.swift */,
				D3C4B4CB2831577400AEBBC3 /* Cells */,
			);
			path = ViewLayer;
			sourceTree = "<group>";
		};
		D3C4B4CB2831577400AEBBC3 /* Cells */ = {
			isa = PBXGroup;
			children = (
				D3C4B4D02831581D00AEBBC3 /* XIBs */,
				D3C4B4CC2831581300AEBBC3 /* OwnerNewsCell.swift */,
				D3C4B4D12831587000AEBBC3 /* TextInNewsCell.swift */,
				D3C4B4D5283158B500AEBBC3 /* PhotosInNewsCell.swift */,
				D3C4B4D92831594000AEBBC3 /* BottomOfNewsCell.swift */,
			);
			path = Cells;
			sourceTree = "<group>";
		};
		D3C4B4D02831581D00AEBBC3 /* XIBs */ = {
			isa = PBXGroup;
			children = (
				D3C4B4CD2831581300AEBBC3 /* OwnerNewsCell.xib */,
				D3C4B4D22831587000AEBBC3 /* TextInNewsCell.xib */,
				D3C4B4D6283158B500AEBBC3 /* PhotosInNewsCell.xib */,
				D3C4B4DA2831594000AEBBC3 /* BottomOfNewsCell.xib */,
			);
			path = XIBs;
			sourceTree = "<group>";
		};
		D3EB0CDE27D32C4B007B143B /* ProfileScene */ = {
			isa = PBXGroup;
			children = (
				D346CA0D282CC8A400142368 /* ProfilePhotoCell */,
				D38881CE27CE924800C7BE5B /* ProfileViewController.swift */,
				D346CA0E282CC92500142368 /* ShowPhotosScene */,
			);
			path = ProfileScene;
			sourceTree = "<group>";
		};
		FCE37BAD7B896B0365F9B874 /* Pods */ = {
			isa = PBXGroup;
			children = (
				D749ACB0896C5474ED1A04F0 /* Pods-vkApp.debug.xcconfig */,
				1109C46CCBA13C32019A8B22 /* Pods-vkApp.release.xcconfig */,
			);
			path = Pods;
			sourceTree = "<group>";
		};
/* End PBXGroup section */

/* Begin PBXNativeTarget section */
		D381202C27B595DF00986187 /* vkApp */ = {
			isa = PBXNativeTarget;
			buildConfigurationList = D381204127B595E100986187 /* Build configuration list for PBXNativeTarget "vkApp" */;
			buildPhases = (
				92DFCBBA30822A291FCE3606 /* [CP] Check Pods Manifest.lock */,
				D381202927B595DF00986187 /* Sources */,
				D381202A27B595DF00986187 /* Frameworks */,
				D381202B27B595DF00986187 /* Resources */,
				08F156E498796AE284297714 /* [CP] Embed Pods Frameworks */,
			);
			buildRules = (
			);
			dependencies = (
			);
			name = vkApp;
			packageProductDependencies = (
			);
			productName = vkApp;
			productReference = D381202D27B595DF00986187 /* vkApp.app */;
			productType = "com.apple.product-type.application";
		};
/* End PBXNativeTarget section */

/* Begin PBXProject section */
		D381202527B595DF00986187 /* Project object */ = {
			isa = PBXProject;
			attributes = {
				BuildIndependentTargetsInParallel = 1;
				LastSwiftUpdateCheck = 1320;
				LastUpgradeCheck = 1320;
				TargetAttributes = {
					D381202C27B595DF00986187 = {
						CreatedOnToolsVersion = 13.2.1;
					};
				};
			};
			buildConfigurationList = D381202827B595DF00986187 /* Build configuration list for PBXProject "vkApp" */;
			compatibilityVersion = "Xcode 13.0";
			developmentRegion = en;
			hasScannedForEncodings = 0;
			knownRegions = (
				en,
				Base,
				ru,
			);
			mainGroup = D381202427B595DF00986187;
			packageReferences = (
			);
			productRefGroup = D381202E27B595DF00986187 /* Products */;
			projectDirPath = "";
			projectRoot = "";
			targets = (
				D381202C27B595DF00986187 /* vkApp */,
			);
		};
/* End PBXProject section */

/* Begin PBXResourcesBuildPhase section */
		D381202B27B595DF00986187 /* Resources */ = {
			isa = PBXResourcesBuildPhase;
			buildActionMask = 2147483647;
			files = (
				D3C4B4DC2831594000AEBBC3 /* BottomOfNewsCell.xib in Resources */,
				D381203D27B595E100986187 /* LaunchScreen.storyboard in Resources */,
				D3804D0B282FF37F0057F87B /* PhotoCollectionViewCell.xib in Resources */,
				D3C4B4CF2831581300AEBBC3 /* OwnerNewsCell.xib in Resources */,
				D3C4B4D42831587000AEBBC3 /* TextInNewsCell.xib in Resources */,
				D381203A27B595E100986187 /* Assets.xcassets in Resources */,
				D3C4B4D8283158B500AEBBC3 /* PhotosInNewsCell.xib in Resources */,
				D381203827B595DF00986187 /* Main.storyboard in Resources */,
				D38881D527CEB7AF00C7BE5B /* ProfilePhotosViewCell.xib in Resources */,
				D3804D0E283029010057F87B /* GoogleService-Info.plist in Resources */,
			);
			runOnlyForDeploymentPostprocessing = 0;
		};
/* End PBXResourcesBuildPhase section */

/* Begin PBXShellScriptBuildPhase section */
		08F156E498796AE284297714 /* [CP] Embed Pods Frameworks */ = {
			isa = PBXShellScriptBuildPhase;
			buildActionMask = 2147483647;
			files = (
			);
			inputFileListPaths = (
				"${PODS_ROOT}/Target Support Files/Pods-vkApp/Pods-vkApp-frameworks-${CONFIGURATION}-input-files.xcfilelist",
			);
			name = "[CP] Embed Pods Frameworks";
			outputFileListPaths = (
				"${PODS_ROOT}/Target Support Files/Pods-vkApp/Pods-vkApp-frameworks-${CONFIGURATION}-output-files.xcfilelist",
			);
			runOnlyForDeploymentPostprocessing = 0;
			shellPath = /bin/sh;
			shellScript = "\"${PODS_ROOT}/Target Support Files/Pods-vkApp/Pods-vkApp-frameworks.sh\"\n";
			showEnvVarsInLog = 0;
		};
		92DFCBBA30822A291FCE3606 /* [CP] Check Pods Manifest.lock */ = {
			isa = PBXShellScriptBuildPhase;
			buildActionMask = 2147483647;
			files = (
			);
			inputFileListPaths = (
			);
			inputPaths = (
				"${PODS_PODFILE_DIR_PATH}/Podfile.lock",
				"${PODS_ROOT}/Manifest.lock",
			);
			name = "[CP] Check Pods Manifest.lock";
			outputFileListPaths = (
			);
			outputPaths = (
				"$(DERIVED_FILE_DIR)/Pods-vkApp-checkManifestLockResult.txt",
			);
			runOnlyForDeploymentPostprocessing = 0;
			shellPath = /bin/sh;
			shellScript = "diff \"${PODS_PODFILE_DIR_PATH}/Podfile.lock\" \"${PODS_ROOT}/Manifest.lock\" > /dev/null\nif [ $? != 0 ] ; then\n    # print error to STDERR\n    echo \"error: The sandbox is not in sync with the Podfile.lock. Run 'pod install' or update your CocoaPods installation.\" >&2\n    exit 1\nfi\n# This output is used by Xcode 'outputs' to avoid re-running this script phase.\necho \"SUCCESS\" > \"${SCRIPT_OUTPUT_FILE_0}\"\n";
			showEnvVarsInLog = 0;
		};
/* End PBXShellScriptBuildPhase section */

/* Begin PBXSourcesBuildPhase section */
		D381202927B595DF00986187 /* Sources */ = {
			isa = PBXSourcesBuildPhase;
			buildActionMask = 2147483647;
			files = (
				D346CA01282C11C700142368 /* GroupModel.swift in Sources */,
				D33BDBFF27BFBF2000398A63 /* FriendsCell.swift in Sources */,
				D38881CF27CE924800C7BE5B /* ProfileViewController.swift in Sources */,
				D346CA08282C2FA300142368 /* GroupsViewController.swift in Sources */,
				D3045D3B282429BB005F41FF /* FriendsRequests.swift in Sources */,
				D346CA15282D5E7100142368 /* GroupPhotoView.swift in Sources */,
				D3804D07282FF2360057F87B /* ShowPhotoViewController.swift in Sources */,
				D3C4B4D7283158B500AEBBC3 /* PhotosInNewsCell.swift in Sources */,
				D3804D0A282FF37F0057F87B /* PhotoCollectionViewCell.swift in Sources */,
				D33BDBFD27BFBDEB00398A63 /* FriendsViewController.swift in Sources */,
				D3ACC505280691BF00059240 /* Singleton.swift in Sources */,
				D346CA13282CD37C00142368 /* GroupRequests.swift in Sources */,
				D3C4B4D32831587000AEBBC3 /* TextInNewsCell.swift in Sources */,
				D3ACC510280B00E500059240 /* UserPhotos.swift in Sources */,
				D38881D427CEB7AF00C7BE5B /* ProfilePhotosViewCell.swift in Sources */,
				D3C4B4CA2831573700AEBBC3 /* NewsViewController.swift in Sources */,
				D381203127B595DF00986187 /* AppDelegate.swift in Sources */,
				D346CA0A282C3A9B00142368 /* GroupsCell.swift in Sources */,
				D3D7C13A282ED72F00A933DC /* RealmCacheService.swift in Sources */,
				D3ACC508280692DD00059240 /* AuthViewController.swift in Sources */,
				D3AA9E4D282E210900CA02C9 /* AllGroupsViewController.swift in Sources */,
				D3C4B4CE2831581300AEBBC3 /* OwnerNewsCell.swift in Sources */,
				D3C4B4DB2831594000AEBBC3 /* BottomOfNewsCell.swift in Sources */,
				D3E835D227CA6F6800C37C67 /* AvatarUIView.swift in Sources */,
				D3ACC50E280B00B100059240 /* FriendModel.swift in Sources */,
				D381203327B595DF00986187 /* SceneDelegate.swift in Sources */,
			);
			runOnlyForDeploymentPostprocessing = 0;
		};
/* End PBXSourcesBuildPhase section */

/* Begin PBXVariantGroup section */
		D381203627B595DF00986187 /* Main.storyboard */ = {
			isa = PBXVariantGroup;
			children = (
				D381203727B595DF00986187 /* Base */,
				D3B3148327F6C31100B46851 /* ru */,
			);
			name = Main.storyboard;
			sourceTree = "<group>";
		};
		D381203B27B595E100986187 /* LaunchScreen.storyboard */ = {
			isa = PBXVariantGroup;
			children = (
				D381203C27B595E100986187 /* Base */,
				D3B3148427F6C31100B46851 /* ru */,
			);
			name = LaunchScreen.storyboard;
			sourceTree = "<group>";
		};
/* End PBXVariantGroup section */

/* Begin XCBuildConfiguration section */
		D381203F27B595E100986187 /* Debug */ = {
			isa = XCBuildConfiguration;
			buildSettings = {
				ALWAYS_SEARCH_USER_PATHS = NO;
				CLANG_ANALYZER_LOCALIZABILITY_NONLOCALIZED = YES;
				CLANG_ANALYZER_NONNULL = YES;
				CLANG_ANALYZER_NUMBER_OBJECT_CONVERSION = YES_AGGRESSIVE;
				CLANG_CXX_LANGUAGE_STANDARD = "gnu++17";
				CLANG_CXX_LIBRARY = "libc++";
				CLANG_ENABLE_MODULES = YES;
				CLANG_ENABLE_OBJC_ARC = YES;
				CLANG_ENABLE_OBJC_WEAK = YES;
				CLANG_WARN_BLOCK_CAPTURE_AUTORELEASING = YES;
				CLANG_WARN_BOOL_CONVERSION = YES;
				CLANG_WARN_COMMA = YES;
				CLANG_WARN_CONSTANT_CONVERSION = YES;
				CLANG_WARN_DEPRECATED_OBJC_IMPLEMENTATIONS = YES;
				CLANG_WARN_DIRECT_OBJC_ISA_USAGE = YES_ERROR;
				CLANG_WARN_DOCUMENTATION_COMMENTS = YES;
				CLANG_WARN_EMPTY_BODY = YES;
				CLANG_WARN_ENUM_CONVERSION = YES;
				CLANG_WARN_INFINITE_RECURSION = YES;
				CLANG_WARN_INT_CONVERSION = YES;
				CLANG_WARN_NON_LITERAL_NULL_CONVERSION = YES;
				CLANG_WARN_OBJC_IMPLICIT_RETAIN_SELF = YES;
				CLANG_WARN_OBJC_LITERAL_CONVERSION = YES;
				CLANG_WARN_OBJC_ROOT_CLASS = YES_ERROR;
				CLANG_WARN_QUOTED_INCLUDE_IN_FRAMEWORK_HEADER = YES;
				CLANG_WARN_RANGE_LOOP_ANALYSIS = YES;
				CLANG_WARN_STRICT_PROTOTYPES = YES;
				CLANG_WARN_SUSPICIOUS_MOVE = YES;
				CLANG_WARN_UNGUARDED_AVAILABILITY = YES_AGGRESSIVE;
				CLANG_WARN_UNREACHABLE_CODE = YES;
				CLANG_WARN__DUPLICATE_METHOD_MATCH = YES;
				COPY_PHASE_STRIP = NO;
				DEBUG_INFORMATION_FORMAT = dwarf;
				ENABLE_STRICT_OBJC_MSGSEND = YES;
				ENABLE_TESTABILITY = YES;
				GCC_C_LANGUAGE_STANDARD = gnu11;
				GCC_DYNAMIC_NO_PIC = NO;
				GCC_NO_COMMON_BLOCKS = YES;
				GCC_OPTIMIZATION_LEVEL = 0;
				GCC_PREPROCESSOR_DEFINITIONS = (
					"DEBUG=1",
					"$(inherited)",
				);
				GCC_WARN_64_TO_32_BIT_CONVERSION = YES;
				GCC_WARN_ABOUT_RETURN_TYPE = YES_ERROR;
				GCC_WARN_UNDECLARED_SELECTOR = YES;
				GCC_WARN_UNINITIALIZED_AUTOS = YES_AGGRESSIVE;
				GCC_WARN_UNUSED_FUNCTION = YES;
				GCC_WARN_UNUSED_VARIABLE = YES;
				IPHONEOS_DEPLOYMENT_TARGET = 15.2;
				MTL_ENABLE_DEBUG_INFO = INCLUDE_SOURCE;
				MTL_FAST_MATH = YES;
				ONLY_ACTIVE_ARCH = YES;
				SDKROOT = iphoneos;
				SWIFT_ACTIVE_COMPILATION_CONDITIONS = DEBUG;
				SWIFT_OPTIMIZATION_LEVEL = "-Onone";
			};
			name = Debug;
		};
		D381204027B595E100986187 /* Release */ = {
			isa = XCBuildConfiguration;
			buildSettings = {
				ALWAYS_SEARCH_USER_PATHS = NO;
				CLANG_ANALYZER_LOCALIZABILITY_NONLOCALIZED = YES;
				CLANG_ANALYZER_NONNULL = YES;
				CLANG_ANALYZER_NUMBER_OBJECT_CONVERSION = YES_AGGRESSIVE;
				CLANG_CXX_LANGUAGE_STANDARD = "gnu++17";
				CLANG_CXX_LIBRARY = "libc++";
				CLANG_ENABLE_MODULES = YES;
				CLANG_ENABLE_OBJC_ARC = YES;
				CLANG_ENABLE_OBJC_WEAK = YES;
				CLANG_WARN_BLOCK_CAPTURE_AUTORELEASING = YES;
				CLANG_WARN_BOOL_CONVERSION = YES;
				CLANG_WARN_COMMA = YES;
				CLANG_WARN_CONSTANT_CONVERSION = YES;
				CLANG_WARN_DEPRECATED_OBJC_IMPLEMENTATIONS = YES;
				CLANG_WARN_DIRECT_OBJC_ISA_USAGE = YES_ERROR;
				CLANG_WARN_DOCUMENTATION_COMMENTS = YES;
				CLANG_WARN_EMPTY_BODY = YES;
				CLANG_WARN_ENUM_CONVERSION = YES;
				CLANG_WARN_INFINITE_RECURSION = YES;
				CLANG_WARN_INT_CONVERSION = YES;
				CLANG_WARN_NON_LITERAL_NULL_CONVERSION = YES;
				CLANG_WARN_OBJC_IMPLICIT_RETAIN_SELF = YES;
				CLANG_WARN_OBJC_LITERAL_CONVERSION = YES;
				CLANG_WARN_OBJC_ROOT_CLASS = YES_ERROR;
				CLANG_WARN_QUOTED_INCLUDE_IN_FRAMEWORK_HEADER = YES;
				CLANG_WARN_RANGE_LOOP_ANALYSIS = YES;
				CLANG_WARN_STRICT_PROTOTYPES = YES;
				CLANG_WARN_SUSPICIOUS_MOVE = YES;
				CLANG_WARN_UNGUARDED_AVAILABILITY = YES_AGGRESSIVE;
				CLANG_WARN_UNREACHABLE_CODE = YES;
				CLANG_WARN__DUPLICATE_METHOD_MATCH = YES;
				COPY_PHASE_STRIP = NO;
				DEBUG_INFORMATION_FORMAT = "dwarf-with-dsym";
				ENABLE_NS_ASSERTIONS = NO;
				ENABLE_STRICT_OBJC_MSGSEND = YES;
				GCC_C_LANGUAGE_STANDARD = gnu11;
				GCC_NO_COMMON_BLOCKS = YES;
				GCC_WARN_64_TO_32_BIT_CONVERSION = YES;
				GCC_WARN_ABOUT_RETURN_TYPE = YES_ERROR;
				GCC_WARN_UNDECLARED_SELECTOR = YES;
				GCC_WARN_UNINITIALIZED_AUTOS = YES_AGGRESSIVE;
				GCC_WARN_UNUSED_FUNCTION = YES;
				GCC_WARN_UNUSED_VARIABLE = YES;
				IPHONEOS_DEPLOYMENT_TARGET = 15.2;
				MTL_ENABLE_DEBUG_INFO = NO;
				MTL_FAST_MATH = YES;
				SDKROOT = iphoneos;
				SWIFT_COMPILATION_MODE = wholemodule;
				SWIFT_OPTIMIZATION_LEVEL = "-O";
				VALIDATE_PRODUCT = YES;
			};
			name = Release;
		};
		D381204227B595E100986187 /* Debug */ = {
			isa = XCBuildConfiguration;
			baseConfigurationReference = D749ACB0896C5474ED1A04F0 /* Pods-vkApp.debug.xcconfig */;
			buildSettings = {
				ASSETCATALOG_COMPILER_APPICON_NAME = AppIcon;
				ASSETCATALOG_COMPILER_GLOBAL_ACCENT_COLOR_NAME = AccentColor;
				CODE_SIGN_STYLE = Automatic;
				CURRENT_PROJECT_VERSION = 1;
				DEVELOPMENT_TEAM = 9F5SABLC5J;
				GENERATE_INFOPLIST_FILE = YES;
				INFOPLIST_FILE = vkApp/Info.plist;
				INFOPLIST_KEY_UIApplicationSupportsIndirectInputEvents = YES;
				INFOPLIST_KEY_UILaunchStoryboardName = LaunchScreen;
				INFOPLIST_KEY_UIMainStoryboardFile = Main;
				INFOPLIST_KEY_UISupportedInterfaceOrientations = "";
				INFOPLIST_KEY_UISupportedInterfaceOrientations_iPad = "UIInterfaceOrientationPortrait UIInterfaceOrientationPortraitUpsideDown UIInterfaceOrientationLandscapeLeft UIInterfaceOrientationLandscapeRight";
				INFOPLIST_KEY_UISupportedInterfaceOrientations_iPhone = "UIInterfaceOrientationPortrait UIInterfaceOrientationLandscapeLeft UIInterfaceOrientationLandscapeRight";
				LD_RUNPATH_SEARCH_PATHS = (
					"$(inherited)",
					"@executable_path/Frameworks",
				);
				MARKETING_VERSION = 1.0;
				PRODUCT_BUNDLE_IDENTIFIER = com.remem.vkApp;
				PRODUCT_NAME = "$(TARGET_NAME)";
				SWIFT_EMIT_LOC_STRINGS = YES;
				SWIFT_VERSION = 5.0;
				TARGETED_DEVICE_FAMILY = "1,2";
			};
			name = Debug;
		};
		D381204327B595E100986187 /* Release */ = {
			isa = XCBuildConfiguration;
			baseConfigurationReference = 1109C46CCBA13C32019A8B22 /* Pods-vkApp.release.xcconfig */;
			buildSettings = {
				ASSETCATALOG_COMPILER_APPICON_NAME = AppIcon;
				ASSETCATALOG_COMPILER_GLOBAL_ACCENT_COLOR_NAME = AccentColor;
				CODE_SIGN_STYLE = Automatic;
				CURRENT_PROJECT_VERSION = 1;
				DEVELOPMENT_TEAM = 9F5SABLC5J;
				GENERATE_INFOPLIST_FILE = YES;
				INFOPLIST_FILE = vkApp/Info.plist;
				INFOPLIST_KEY_UIApplicationSupportsIndirectInputEvents = YES;
				INFOPLIST_KEY_UILaunchStoryboardName = LaunchScreen;
				INFOPLIST_KEY_UIMainStoryboardFile = Main;
				INFOPLIST_KEY_UISupportedInterfaceOrientations = "";
				INFOPLIST_KEY_UISupportedInterfaceOrientations_iPad = "UIInterfaceOrientationPortrait UIInterfaceOrientationPortraitUpsideDown UIInterfaceOrientationLandscapeLeft UIInterfaceOrientationLandscapeRight";
				INFOPLIST_KEY_UISupportedInterfaceOrientations_iPhone = "UIInterfaceOrientationPortrait UIInterfaceOrientationLandscapeLeft UIInterfaceOrientationLandscapeRight";
				LD_RUNPATH_SEARCH_PATHS = (
					"$(inherited)",
					"@executable_path/Frameworks",
				);
				MARKETING_VERSION = 1.0;
				PRODUCT_BUNDLE_IDENTIFIER = com.remem.vkApp;
				PRODUCT_NAME = "$(TARGET_NAME)";
				SWIFT_EMIT_LOC_STRINGS = YES;
				SWIFT_VERSION = 5.0;
				TARGETED_DEVICE_FAMILY = "1,2";
			};
			name = Release;
		};
/* End XCBuildConfiguration section */

/* Begin XCConfigurationList section */
		D381202827B595DF00986187 /* Build configuration list for PBXProject "vkApp" */ = {
			isa = XCConfigurationList;
			buildConfigurations = (
				D381203F27B595E100986187 /* Debug */,
				D381204027B595E100986187 /* Release */,
			);
			defaultConfigurationIsVisible = 0;
			defaultConfigurationName = Release;
		};
		D381204127B595E100986187 /* Build configuration list for PBXNativeTarget "vkApp" */ = {
			isa = XCConfigurationList;
			buildConfigurations = (
				D381204227B595E100986187 /* Debug */,
				D381204327B595E100986187 /* Release */,
			);
			defaultConfigurationIsVisible = 0;
			defaultConfigurationName = Release;
		};
/* End XCConfigurationList section */
	};
	rootObject = D381202527B595DF00986187 /* Project object */;
}
